// !$*UTF8*$!
{
	archiveVersion = 1;
	classes = {
	};
	objectVersion = 55;
	objects = {

/* Begin PBXBuildFile section */
		26A7FA99285A4D4F00BE7B8C /* AppDelegate.m in Sources */ = {isa = PBXBuildFile; fileRef = 26A7FA98285A4D4F00BE7B8C /* AppDelegate.m */; };
		26A7FA9C285A4D4F00BE7B8C /* SceneDelegate.m in Sources */ = {isa = PBXBuildFile; fileRef = 26A7FA9B285A4D4F00BE7B8C /* SceneDelegate.m */; };
		26A7FA9F285A4D4F00BE7B8C /* ViewController.m in Sources */ = {isa = PBXBuildFile; fileRef = 26A7FA9E285A4D4F00BE7B8C /* ViewController.m */; };
		26A7FAA2285A4D4F00BE7B8C /* Main.storyboard in Resources */ = {isa = PBXBuildFile; fileRef = 26A7FAA0285A4D4F00BE7B8C /* Main.storyboard */; };
		26A7FAA4285A4D4F00BE7B8C /* Assets.xcassets in Resources */ = {isa = PBXBuildFile; fileRef = 26A7FAA3285A4D4F00BE7B8C /* Assets.xcassets */; };
		26A7FAA7285A4D4F00BE7B8C /* LaunchScreen.storyboard in Resources */ = {isa = PBXBuildFile; fileRef = 26A7FAA5285A4D4F00BE7B8C /* LaunchScreen.storyboard */; };
		26A7FAAA285A4D4F00BE7B8C /* main.m in Sources */ = {isa = PBXBuildFile; fileRef = 26A7FAA9285A4D4F00BE7B8C /* main.m */; };
		26A7FAB4285A4D5000BE7B8C /* FlixterTests.m in Sources */ = {isa = PBXBuildFile; fileRef = 26A7FAB3285A4D5000BE7B8C /* FlixterTests.m */; };
		26A7FABE285A4D5000BE7B8C /* FlixterUITests.m in Sources */ = {isa = PBXBuildFile; fileRef = 26A7FABD285A4D5000BE7B8C /* FlixterUITests.m */; };
		26A7FAC0285A4D5000BE7B8C /* FlixterUITestsLaunchTests.m in Sources */ = {isa = PBXBuildFile; fileRef = 26A7FABF285A4D5000BE7B8C /* FlixterUITestsLaunchTests.m */; };
/* End PBXBuildFile section */

/* Begin PBXContainerItemProxy section */
		26A7FAB0285A4D5000BE7B8C /* PBXContainerItemProxy */ = {
			isa = PBXContainerItemProxy;
			containerPortal = 26A7FA8C285A4D4F00BE7B8C /* Project object */;
			proxyType = 1;
			remoteGlobalIDString = 26A7FA93285A4D4F00BE7B8C;
			remoteInfo = Flixter;
		};
		26A7FABA285A4D5000BE7B8C /* PBXContainerItemProxy */ = {
			isa = PBXContainerItemProxy;
			containerPortal = 26A7FA8C285A4D4F00BE7B8C /* Project object */;
			proxyType = 1;
			remoteGlobalIDString = 26A7FA93285A4D4F00BE7B8C;
			remoteInfo = Flixter;
		};
/* End PBXContainerItemProxy section */

/* Begin PBXFileReference section */
		26A7FA94285A4D4F00BE7B8C /* Flixter.app */ = {isa = PBXFileReference; explicitFileType = wrapper.application; includeInIndex = 0; path = Flixter.app; sourceTree = BUILT_PRODUCTS_DIR; };
		26A7FA97285A4D4F00BE7B8C /* AppDelegate.h */ = {isa = PBXFileReference; lastKnownFileType = sourcecode.c.h; path = AppDelegate.h; sourceTree = "<group>"; };
		26A7FA98285A4D4F00BE7B8C /* AppDelegate.m */ = {isa = PBXFileReference; lastKnownFileType = sourcecode.c.objc; path = AppDelegate.m; sourceTree = "<group>"; };
		26A7FA9A285A4D4F00BE7B8C /* SceneDelegate.h */ = {isa = PBXFileReference; lastKnownFileType = sourcecode.c.h; path = SceneDelegate.h; sourceTree = "<group>"; };
		26A7FA9B285A4D4F00BE7B8C /* SceneDelegate.m */ = {isa = PBXFileReference; lastKnownFileType = sourcecode.c.objc; path = SceneDelegate.m; sourceTree = "<group>"; };
		26A7FA9D285A4D4F00BE7B8C /* ViewController.h */ = {isa = PBXFileReference; lastKnownFileType = sourcecode.c.h; path = ViewController.h; sourceTree = "<group>"; };
		26A7FA9E285A4D4F00BE7B8C /* ViewController.m */ = {isa = PBXFileReference; lastKnownFileType = sourcecode.c.objc; path = ViewController.m; sourceTree = "<group>"; };
		26A7FAA1285A4D4F00BE7B8C /* Base */ = {isa = PBXFileReference; lastKnownFileType = file.storyboard; name = Base; path = Base.lproj/Main.storyboard; sourceTree = "<group>"; };
		26A7FAA3285A4D4F00BE7B8C /* Assets.xcassets */ = {isa = PBXFileReference; lastKnownFileType = folder.assetcatalog; path = Assets.xcassets; sourceTree = "<group>"; };
		26A7FAA6285A4D4F00BE7B8C /* Base */ = {isa = PBXFileReference; lastKnownFileType = file.storyboard; name = Base; path = Base.lproj/LaunchScreen.storyboard; sourceTree = "<group>"; };
		26A7FAA8285A4D4F00BE7B8C /* Info.plist */ = {isa = PBXFileReference; lastKnownFileType = text.plist.xml; path = Info.plist; sourceTree = "<group>"; };
		26A7FAA9285A4D4F00BE7B8C /* main.m */ = {isa = PBXFileReference; lastKnownFileType = sourcecode.c.objc; path = main.m; sourceTree = "<group>"; };
		26A7FAAF285A4D5000BE7B8C /* FlixterTests.xctest */ = {isa = PBXFileReference; explicitFileType = wrapper.cfbundle; includeInIndex = 0; path = FlixterTests.xctest; sourceTree = BUILT_PRODUCTS_DIR; };
		26A7FAB3285A4D5000BE7B8C /* FlixterTests.m */ = {isa = PBXFileReference; lastKnownFileType = sourcecode.c.objc; path = FlixterTests.m; sourceTree = "<group>"; };
		26A7FAB9285A4D5000BE7B8C /* FlixterUITests.xctest */ = {isa = PBXFileReference; explicitFileType = wrapper.cfbundle; includeInIndex = 0; path = FlixterUITests.xctest; sourceTree = BUILT_PRODUCTS_DIR; };
		26A7FABD285A4D5000BE7B8C /* FlixterUITests.m */ = {isa = PBXFileReference; lastKnownFileType = sourcecode.c.objc; path = FlixterUITests.m; sourceTree = "<group>"; };
		26A7FABF285A4D5000BE7B8C /* FlixterUITestsLaunchTests.m */ = {isa = PBXFileReference; lastKnownFileType = sourcecode.c.objc; path = FlixterUITestsLaunchTests.m; sourceTree = "<group>"; };
/* End PBXFileReference section */

/* Begin PBXFrameworksBuildPhase section */
		26A7FA91285A4D4F00BE7B8C /* Frameworks */ = {
			isa = PBXFrameworksBuildPhase;
			buildActionMask = 2147483647;
			files = (
			);
			runOnlyForDeploymentPostprocessing = 0;
		};
		26A7FAAC285A4D5000BE7B8C /* Frameworks */ = {
			isa = PBXFrameworksBuildPhase;
			buildActionMask = 2147483647;
			files = (
			);
			runOnlyForDeploymentPostprocessing = 0;
		};
		26A7FAB6285A4D5000BE7B8C /* Frameworks */ = {
			isa = PBXFrameworksBuildPhase;
			buildActionMask = 2147483647;
			files = (
			);
			runOnlyForDeploymentPostprocessing = 0;
		};
/* End PBXFrameworksBuildPhase section */

/* Begin PBXGroup section */
		26A7FA8B285A4D4F00BE7B8C = {
			isa = PBXGroup;
			children = (
				26A7FA96285A4D4F00BE7B8C /* Flixter */,
				26A7FAB2285A4D5000BE7B8C /* FlixterTests */,
				26A7FABC285A4D5000BE7B8C /* FlixterUITests */,
				26A7FA95285A4D4F00BE7B8C /* Products */,
			);
			sourceTree = "<group>";
		};
		26A7FA95285A4D4F00BE7B8C /* Products */ = {
			isa = PBXGroup;
			children = (
				26A7FA94285A4D4F00BE7B8C /* Flixter.app */,
				26A7FAAF285A4D5000BE7B8C /* FlixterTests.xctest */,
				26A7FAB9285A4D5000BE7B8C /* FlixterUITests.xctest */,
			);
			name = Products;
			sourceTree = "<group>";
		};
		26A7FA96285A4D4F00BE7B8C /* Flixter */ = {
			isa = PBXGroup;
			children = (
				26A7FA97285A4D4F00BE7B8C /* AppDelegate.h */,
				26A7FA98285A4D4F00BE7B8C /* AppDelegate.m */,
				26A7FA9A285A4D4F00BE7B8C /* SceneDelegate.h */,
				26A7FA9B285A4D4F00BE7B8C /* SceneDelegate.m */,
				26A7FA9D285A4D4F00BE7B8C /* ViewController.h */,
				26A7FA9E285A4D4F00BE7B8C /* ViewController.m */,
				26A7FAA0285A4D4F00BE7B8C /* Main.storyboard */,
				26A7FAA3285A4D4F00BE7B8C /* Assets.xcassets */,
				26A7FAA5285A4D4F00BE7B8C /* LaunchScreen.storyboard */,
				26A7FAA8285A4D4F00BE7B8C /* Info.plist */,
				26A7FAA9285A4D4F00BE7B8C /* main.m */,
			);
			path = Flixter;
			sourceTree = "<group>";
		};
		26A7FAB2285A4D5000BE7B8C /* FlixterTests */ = {
			isa = PBXGroup;
			children = (
				26A7FAB3285A4D5000BE7B8C /* FlixterTests.m */,
			);
			path = FlixterTests;
			sourceTree = "<group>";
		};
		26A7FABC285A4D5000BE7B8C /* FlixterUITests */ = {
			isa = PBXGroup;
			children = (
				26A7FABD285A4D5000BE7B8C /* FlixterUITests.m */,
				26A7FABF285A4D5000BE7B8C /* FlixterUITestsLaunchTests.m */,
			);
			path = FlixterUITests;
			sourceTree = "<group>";
		};
/* End PBXGroup section */

/* Begin PBXNativeTarget section */
		26A7FA93285A4D4F00BE7B8C /* Flixter */ = {
			isa = PBXNativeTarget;
			buildConfigurationList = 26A7FAC3285A4D5000BE7B8C /* Build configuration list for PBXNativeTarget "Flixter" */;
			buildPhases = (
				26A7FA90285A4D4F00BE7B8C /* Sources */,
				26A7FA91285A4D4F00BE7B8C /* Frameworks */,
				26A7FA92285A4D4F00BE7B8C /* Resources */,
			);
			buildRules = (
			);
			dependencies = (
			);
			name = Flixter;
			productName = Flixter;
			productReference = 26A7FA94285A4D4F00BE7B8C /* Flixter.app */;
			productType = "com.apple.product-type.application";
		};
		26A7FAAE285A4D5000BE7B8C /* FlixterTests */ = {
			isa = PBXNativeTarget;
			buildConfigurationList = 26A7FAC6285A4D5000BE7B8C /* Build configuration list for PBXNativeTarget "FlixterTests" */;
			buildPhases = (
				26A7FAAB285A4D5000BE7B8C /* Sources */,
				26A7FAAC285A4D5000BE7B8C /* Frameworks */,
				26A7FAAD285A4D5000BE7B8C /* Resources */,
			);
			buildRules = (
			);
			dependencies = (
				26A7FAB1285A4D5000BE7B8C /* PBXTargetDependency */,
			);
			name = FlixterTests;
			productName = FlixterTests;
			productReference = 26A7FAAF285A4D5000BE7B8C /* FlixterTests.xctest */;
			productType = "com.apple.product-type.bundle.unit-test";
		};
		26A7FAB8285A4D5000BE7B8C /* FlixterUITests */ = {
			isa = PBXNativeTarget;
			buildConfigurationList = 26A7FAC9285A4D5000BE7B8C /* Build configuration list for PBXNativeTarget "FlixterUITests" */;
			buildPhases = (
				26A7FAB5285A4D5000BE7B8C /* Sources */,
				26A7FAB6285A4D5000BE7B8C /* Frameworks */,
				26A7FAB7285A4D5000BE7B8C /* Resources */,
			);
			buildRules = (
			);
			dependencies = (
				26A7FABB285A4D5000BE7B8C /* PBXTargetDependency */,
			);
			name = FlixterUITests;
			productName = FlixterUITests;
			productReference = 26A7FAB9285A4D5000BE7B8C /* FlixterUITests.xctest */;
			productType = "com.apple.product-type.bundle.ui-testing";
		};
/* End PBXNativeTarget section */

/* Begin PBXProject section */
		26A7FA8C285A4D4F00BE7B8C /* Project object */ = {
			isa = PBXProject;
			attributes = {
				BuildIndependentTargetsInParallel = 1;
				LastUpgradeCheck = 1340;
				TargetAttributes = {
					26A7FA93285A4D4F00BE7B8C = {
						CreatedOnToolsVersion = 13.4;
					};
					26A7FAAE285A4D5000BE7B8C = {
						CreatedOnToolsVersion = 13.4;
						TestTargetID = 26A7FA93285A4D4F00BE7B8C;
					};
					26A7FAB8285A4D5000BE7B8C = {
						CreatedOnToolsVersion = 13.4;
						TestTargetID = 26A7FA93285A4D4F00BE7B8C;
					};
				};
			};
			buildConfigurationList = 26A7FA8F285A4D4F00BE7B8C /* Build configuration list for PBXProject "Flixter" */;
			compatibilityVersion = "Xcode 13.0";
			developmentRegion = en;
			hasScannedForEncodings = 0;
			knownRegions = (
				en,
				Base,
			);
			mainGroup = 26A7FA8B285A4D4F00BE7B8C;
			productRefGroup = 26A7FA95285A4D4F00BE7B8C /* Products */;
			projectDirPath = "";
			projectRoot = "";
			targets = (
				26A7FA93285A4D4F00BE7B8C /* Flixter */,
				26A7FAAE285A4D5000BE7B8C /* FlixterTests */,
				26A7FAB8285A4D5000BE7B8C /* FlixterUITests */,
			);
		};
/* End PBXProject section */

/* Begin PBXResourcesBuildPhase section */
		26A7FA92285A4D4F00BE7B8C /* Resources */ = {
			isa = PBXResourcesBuildPhase;
			buildActionMask = 2147483647;
			files = (
				26A7FAA7285A4D4F00BE7B8C /* LaunchScreen.storyboard in Resources */,
				26A7FAA4285A4D4F00BE7B8C /* Assets.xcassets in Resources */,
				26A7FAA2285A4D4F00BE7B8C /* Main.storyboard in Resources */,
			);
			runOnlyForDeploymentPostprocessing = 0;
		};
		26A7FAAD285A4D5000BE7B8C /* Resources */ = {
			isa = PBXResourcesBuildPhase;
			buildActionMask = 2147483647;
			files = (
			);
			runOnlyForDeploymentPostprocessing = 0;
		};
		26A7FAB7285A4D5000BE7B8C /* Resources */ = {
			isa = PBXResourcesBuildPhase;
			buildActionMask = 2147483647;
			files = (
			);
			runOnlyForDeploymentPostprocessing = 0;
		};
/* End PBXResourcesBuildPhase section */

/* Begin PBXSourcesBuildPhase section */
		26A7FA90285A4D4F00BE7B8C /* Sources */ = {
			isa = PBXSourcesBuildPhase;
			buildActionMask = 2147483647;
			files = (
				26A7FA9F285A4D4F00BE7B8C /* ViewController.m in Sources */,
				26A7FA99285A4D4F00BE7B8C /* AppDelegate.m in Sources */,
				26A7FAAA285A4D4F00BE7B8C /* main.m in Sources */,
				26A7FA9C285A4D4F00BE7B8C /* SceneDelegate.m in Sources */,
			);
			runOnlyForDeploymentPostprocessing = 0;
		};
		26A7FAAB285A4D5000BE7B8C /* Sources */ = {
			isa = PBXSourcesBuildPhase;
			buildActionMask = 2147483647;
			files = (
				26A7FAB4285A4D5000BE7B8C /* FlixterTests.m in Sources */,
			);
			runOnlyForDeploymentPostprocessing = 0;
		};
		26A7FAB5285A4D5000BE7B8C /* Sources */ = {
			isa = PBXSourcesBuildPhase;
			buildActionMask = 2147483647;
			files = (
				26A7FABE285A4D5000BE7B8C /* FlixterUITests.m in Sources */,
				26A7FAC0285A4D5000BE7B8C /* FlixterUITestsLaunchTests.m in Sources */,
			);
			runOnlyForDeploymentPostprocessing = 0;
		};
/* End PBXSourcesBuildPhase section */

/* Begin PBXTargetDependency section */
		26A7FAB1285A4D5000BE7B8C /* PBXTargetDependency */ = {
			isa = PBXTargetDependency;
			target = 26A7FA93285A4D4F00BE7B8C /* Flixter */;
			targetProxy = 26A7FAB0285A4D5000BE7B8C /* PBXContainerItemProxy */;
		};
		26A7FABB285A4D5000BE7B8C /* PBXTargetDependency */ = {
			isa = PBXTargetDependency;
			target = 26A7FA93285A4D4F00BE7B8C /* Flixter */;
			targetProxy = 26A7FABA285A4D5000BE7B8C /* PBXContainerItemProxy */;
		};
/* End PBXTargetDependency section */

/* Begin PBXVariantGroup section */
		26A7FAA0285A4D4F00BE7B8C /* Main.storyboard */ = {
			isa = PBXVariantGroup;
			children = (
				26A7FAA1285A4D4F00BE7B8C /* Base */,
			);
			name = Main.storyboard;
			sourceTree = "<group>";
		};
		26A7FAA5285A4D4F00BE7B8C /* LaunchScreen.storyboard */ = {
			isa = PBXVariantGroup;
			children = (
				26A7FAA6285A4D4F00BE7B8C /* Base */,
			);
			name = LaunchScreen.storyboard;
			sourceTree = "<group>";
		};
/* End PBXVariantGroup section */

/* Begin XCBuildConfiguration section */
		26A7FAC1285A4D5000BE7B8C /* Debug */ = {
			isa = XCBuildConfiguration;
			buildSettings = {
				ALWAYS_SEARCH_USER_PATHS = NO;
				CLANG_ANALYZER_NONNULL = YES;
				CLANG_ANALYZER_NUMBER_OBJECT_CONVERSION = YES_AGGRESSIVE;
				CLANG_CXX_LANGUAGE_STANDARD = "gnu++17";
				CLANG_ENABLE_MODULES = YES;
				CLANG_ENABLE_OBJC_ARC = YES;
				CLANG_ENABLE_OBJC_WEAK = YES;
				CLANG_WARN_BLOCK_CAPTURE_AUTORELEASING = YES;
				CLANG_WARN_BOOL_CONVERSION = YES;
				CLANG_WARN_COMMA = YES;
				CLANG_WARN_CONSTANT_CONVERSION = YES;
				CLANG_WARN_DEPRECATED_OBJC_IMPLEMENTATIONS = YES;
				CLANG_WARN_DIRECT_OBJC_ISA_USAGE = YES_ERROR;
				CLANG_WARN_DOCUMENTATION_COMMENTS = YES;
				CLANG_WARN_EMPTY_BODY = YES;
				CLANG_WARN_ENUM_CONVERSION = YES;
				CLANG_WARN_INFINITE_RECURSION = YES;
				CLANG_WARN_INT_CONVERSION = YES;
				CLANG_WARN_NON_LITERAL_NULL_CONVERSION = YES;
				CLANG_WARN_OBJC_IMPLICIT_RETAIN_SELF = YES;
				CLANG_WARN_OBJC_LITERAL_CONVERSION = YES;
				CLANG_WARN_OBJC_ROOT_CLASS = YES_ERROR;
				CLANG_WARN_QUOTED_INCLUDE_IN_FRAMEWORK_HEADER = YES;
				CLANG_WARN_RANGE_LOOP_ANALYSIS = YES;
				CLANG_WARN_STRICT_PROTOTYPES = YES;
				CLANG_WARN_SUSPICIOUS_MOVE = YES;
				CLANG_WARN_UNGUARDED_AVAILABILITY = YES_AGGRESSIVE;
				CLANG_WARN_UNREACHABLE_CODE = YES;
				CLANG_WARN__DUPLICATE_METHOD_MATCH = YES;
				COPY_PHASE_STRIP = NO;
				DEBUG_INFORMATION_FORMAT = dwarf;
				ENABLE_STRICT_OBJC_MSGSEND = YES;
				ENABLE_TESTABILITY = YES;
				GCC_C_LANGUAGE_STANDARD = gnu11;
				GCC_DYNAMIC_NO_PIC = NO;
				GCC_NO_COMMON_BLOCKS = YES;
				GCC_OPTIMIZATION_LEVEL = 0;
				GCC_PREPROCESSOR_DEFINITIONS = (
					"DEBUG=1",
					"$(inherited)",
				);
				GCC_WARN_64_TO_32_BIT_CONVERSION = YES;
				GCC_WARN_ABOUT_RETURN_TYPE = YES_ERROR;
				GCC_WARN_UNDECLARED_SELECTOR = YES;
				GCC_WARN_UNINITIALIZED_AUTOS = YES_AGGRESSIVE;
				GCC_WARN_UNUSED_FUNCTION = YES;
				GCC_WARN_UNUSED_VARIABLE = YES;
				IPHONEOS_DEPLOYMENT_TARGET = 15.5;
				MTL_ENABLE_DEBUG_INFO = INCLUDE_SOURCE;
				MTL_FAST_MATH = YES;
				ONLY_ACTIVE_ARCH = YES;
				SDKROOT = iphoneos;
			};
			name = Debug;
		};
		26A7FAC2285A4D5000BE7B8C /* Release */ = {
			isa = XCBuildConfiguration;
			buildSettings = {
				ALWAYS_SEARCH_USER_PATHS = NO;
				CLANG_ANALYZER_NONNULL = YES;
				CLANG_ANALYZER_NUMBER_OBJECT_CONVERSION = YES_AGGRESSIVE;
				CLANG_CXX_LANGUAGE_STANDARD = "gnu++17";
				CLANG_ENABLE_MODULES = YES;
				CLANG_ENABLE_OBJC_ARC = YES;
				CLANG_ENABLE_OBJC_WEAK = YES;
				CLANG_WARN_BLOCK_CAPTURE_AUTORELEASING = YES;
				CLANG_WARN_BOOL_CONVERSION = YES;
				CLANG_WARN_COMMA = YES;
				CLANG_WARN_CONSTANT_CONVERSION = YES;
				CLANG_WARN_DEPRECATED_OBJC_IMPLEMENTATIONS = YES;
				CLANG_WARN_DIRECT_OBJC_ISA_USAGE = YES_ERROR;
				CLANG_WARN_DOCUMENTATION_COMMENTS = YES;
				CLANG_WARN_EMPTY_BODY = YES;
				CLANG_WARN_ENUM_CONVERSION = YES;
				CLANG_WARN_INFINITE_RECURSION = YES;
				CLANG_WARN_INT_CONVERSION = YES;
				CLANG_WARN_NON_LITERAL_NULL_CONVERSION = YES;
				CLANG_WARN_OBJC_IMPLICIT_RETAIN_SELF = YES;
				CLANG_WARN_OBJC_LITERAL_CONVERSION = YES;
				CLANG_WARN_OBJC_ROOT_CLASS = YES_ERROR;
				CLANG_WARN_QUOTED_INCLUDE_IN_FRAMEWORK_HEADER = YES;
				CLANG_WARN_RANGE_LOOP_ANALYSIS = YES;
				CLANG_WARN_STRICT_PROTOTYPES = YES;
				CLANG_WARN_SUSPICIOUS_MOVE = YES;
				CLANG_WARN_UNGUARDED_AVAILABILITY = YES_AGGRESSIVE;
				CLANG_WARN_UNREACHABLE_CODE = YES;
				CLANG_WARN__DUPLICATE_METHOD_MATCH = YES;
				COPY_PHASE_STRIP = NO;
				DEBUG_INFORMATION_FORMAT = "dwarf-with-dsym";
				ENABLE_NS_ASSERTIONS = NO;
				ENABLE_STRICT_OBJC_MSGSEND = YES;
				GCC_C_LANGUAGE_STANDARD = gnu11;
				GCC_NO_COMMON_BLOCKS = YES;
				GCC_WARN_64_TO_32_BIT_CONVERSION = YES;
				GCC_WARN_ABOUT_RETURN_TYPE = YES_ERROR;
				GCC_WARN_UNDECLARED_SELECTOR = YES;
				GCC_WARN_UNINITIALIZED_AUTOS = YES_AGGRESSIVE;
				GCC_WARN_UNUSED_FUNCTION = YES;
				GCC_WARN_UNUSED_VARIABLE = YES;
				IPHONEOS_DEPLOYMENT_TARGET = 15.5;
				MTL_ENABLE_DEBUG_INFO = NO;
				MTL_FAST_MATH = YES;
				SDKROOT = iphoneos;
				VALIDATE_PRODUCT = YES;
			};
			name = Release;
		};
		26A7FAC4285A4D5000BE7B8C /* Debug */ = {
			isa = XCBuildConfiguration;
			buildSettings = {
				ASSETCATALOG_COMPILER_APPICON_NAME = AppIcon;
				ASSETCATALOG_COMPILER_GLOBAL_ACCENT_COLOR_NAME = AccentColor;
				CODE_SIGN_STYLE = Automatic;
				CURRENT_PROJECT_VERSION = 1;
				DEVELOPMENT_TEAM = K8BWGLA443;
				GENERATE_INFOPLIST_FILE = YES;
				INFOPLIST_FILE = Flixter/Info.plist;
				INFOPLIST_KEY_UIApplicationSupportsIndirectInputEvents = YES;
				INFOPLIST_KEY_UILaunchStoryboardName = LaunchScreen;
				INFOPLIST_KEY_UIMainStoryboardFile = Main;
				INFOPLIST_KEY_UISupportedInterfaceOrientations_iPad = "UIInterfaceOrientationPortrait UIInterfaceOrientationPortraitUpsideDown UIInterfaceOrientationLandscapeLeft UIInterfaceOrientationLandscapeRight";
				INFOPLIST_KEY_UISupportedInterfaceOrientations_iPhone = "UIInterfaceOrientationPortrait UIInterfaceOrientationLandscapeLeft UIInterfaceOrientationLandscapeRight";
				LD_RUNPATH_SEARCH_PATHS = (
					"$(inherited)",
					"@executable_path/Frameworks",
				);
				MARKETING_VERSION = 1.0;
				PRODUCT_BUNDLE_IDENTIFIER = com.josecastillo.Flixter;
				PRODUCT_NAME = "$(TARGET_NAME)";
				SWIFT_EMIT_LOC_STRINGS = YES;
				TARGETED_DEVICE_FAMILY = "1,2";
			};
			name = Debug;
		};
		26A7FAC5285A4D5000BE7B8C /* Release */ = {
			isa = XCBuildConfiguration;
			buildSettings = {
				ASSETCATALOG_COMPILER_APPICON_NAME = AppIcon;
				ASSETCATALOG_COMPILER_GLOBAL_ACCENT_COLOR_NAME = AccentColor;
				CODE_SIGN_STYLE = Automatic;
				CURRENT_PROJECT_VERSION = 1;
				DEVELOPMENT_TEAM = K8BWGLA443;
				GENERATE_INFOPLIST_FILE = YES;
				INFOPLIST_FILE = Flixter/Info.plist;
				INFOPLIST_KEY_UIApplicationSupportsIndirectInputEvents = YES;
				INFOPLIST_KEY_UILaunchStoryboardName = LaunchScreen;
				INFOPLIST_KEY_UIMainStoryboardFile = Main;
				INFOPLIST_KEY_UISupportedInterfaceOrientations_iPad = "UIInterfaceOrientationPortrait UIInterfaceOrientationPortraitUpsideDown UIInterfaceOrientationLandscapeLeft UIInterfaceOrientationLandscapeRight";
				INFOPLIST_KEY_UISupportedInterfaceOrientations_iPhone = "UIInterfaceOrientationPortrait UIInterfaceOrientationLandscapeLeft UIInterfaceOrientationLandscapeRight";
				LD_RUNPATH_SEARCH_PATHS = (
					"$(inherited)",
					"@executable_path/Frameworks",
				);
				MARKETING_VERSION = 1.0;
				PRODUCT_BUNDLE_IDENTIFIER = com.josecastillo.Flixter;
				PRODUCT_NAME = "$(TARGET_NAME)";
				SWIFT_EMIT_LOC_STRINGS = YES;
				TARGETED_DEVICE_FAMILY = "1,2";
			};
			name = Release;
		};
		26A7FAC7285A4D5000BE7B8C /* Debug */ = {
			isa = XCBuildConfiguration;
			buildSettings = {
				BUNDLE_LOADER = "$(TEST_HOST)";
				CODE_SIGN_STYLE = Automatic;
				CURRENT_PROJECT_VERSION = 1;
				DEVELOPMENT_TEAM = K8BWGLA443;
				GENERATE_INFOPLIST_FILE = YES;
				IPHONEOS_DEPLOYMENT_TARGET = 15.5;
				MARKETING_VERSION = 1.0;
				PRODUCT_BUNDLE_IDENTIFIER = com.josecastillo.FlixterTests;
				PRODUCT_NAME = "$(TARGET_NAME)";
				SWIFT_EMIT_LOC_STRINGS = NO;
				TARGETED_DEVICE_FAMILY = "1,2";
				TEST_HOST = "$(BUILT_PRODUCTS_DIR)/Flixter.app/Flixter";
			};
			name = Debug;
		};
		26A7FAC8285A4D5000BE7B8C /* Release */ = {
			isa = XCBuildConfiguration;
			buildSettings = {
				BUNDLE_LOADER = "$(TEST_HOST)";
				CODE_SIGN_STYLE = Automatic;
				CURRENT_PROJECT_VERSION = 1;
				DEVELOPMENT_TEAM = K8BWGLA443;
				GENERATE_INFOPLIST_FILE = YES;
				IPHONEOS_DEPLOYMENT_TARGET = 15.5;
				MARKETING_VERSION = 1.0;
				PRODUCT_BUNDLE_IDENTIFIER = com.josecastillo.FlixterTests;
				PRODUCT_NAME = "$(TARGET_NAME)";
				SWIFT_EMIT_LOC_STRINGS = NO;
				TARGETED_DEVICE_FAMILY = "1,2";
				TEST_HOST = "$(BUILT_PRODUCTS_DIR)/Flixter.app/Flixter";
			};
			name = Release;
		};
		26A7FACA285A4D5000BE7B8C /* Debug */ = {
			isa = XCBuildConfiguration;
			buildSettings = {
				CODE_SIGN_STYLE = Automatic;
				CURRENT_PROJECT_VERSION = 1;
				DEVELOPMENT_TEAM = K8BWGLA443;
				GENERATE_INFOPLIST_FILE = YES;
				MARKETING_VERSION = 1.0;
				PRODUCT_BUNDLE_IDENTIFIER = com.josecastillo.FlixterUITests;
				PRODUCT_NAME = "$(TARGET_NAME)";
				SWIFT_EMIT_LOC_STRINGS = NO;
				TARGETED_DEVICE_FAMILY = "1,2";
				TEST_TARGET_NAME = Flixter;
			};
			name = Debug;
		};
		26A7FACB285A4D5000BE7B8C /* Release */ = {
			isa = XCBuildConfiguration;
			buildSettings = {
				CODE_SIGN_STYLE = Automatic;
				CURRENT_PROJECT_VERSION = 1;
				DEVELOPMENT_TEAM = K8BWGLA443;
				GENERATE_INFOPLIST_FILE = YES;
				MARKETING_VERSION = 1.0;
				PRODUCT_BUNDLE_IDENTIFIER = com.josecastillo.FlixterUITests;
				PRODUCT_NAME = "$(TARGET_NAME)";
				SWIFT_EMIT_LOC_STRINGS = NO;
				TARGETED_DEVICE_FAMILY = "1,2";
				TEST_TARGET_NAME = Flixter;
			};
			name = Release;
		};
/* End XCBuildConfiguration section */

/* Begin XCConfigurationList section */
		26A7FA8F285A4D4F00BE7B8C /* Build configuration list for PBXProject "Flixter" */ = {
			isa = XCConfigurationList;
			buildConfigurations = (
				26A7FAC1285A4D5000BE7B8C /* Debug */,
				26A7FAC2285A4D5000BE7B8C /* Release */,
			);
			defaultConfigurationIsVisible = 0;
			defaultConfigurationName = Release;
		};
		26A7FAC3285A4D5000BE7B8C /* Build configuration list for PBXNativeTarget "Flixter" */ = {
			isa = XCConfigurationList;
			buildConfigurations = (
				26A7FAC4285A4D5000BE7B8C /* Debug */,
				26A7FAC5285A4D5000BE7B8C /* Release */,
			);
			defaultConfigurationIsVisible = 0;
			defaultConfigurationName = Release;
		};
		26A7FAC6285A4D5000BE7B8C /* Build configuration list for PBXNativeTarget "FlixterTests" */ = {
			isa = XCConfigurationList;
			buildConfigurations = (
				26A7FAC7285A4D5000BE7B8C /* Debug */,
				26A7FAC8285A4D5000BE7B8C /* Release */,
			);
			defaultConfigurationIsVisible = 0;
			defaultConfigurationName = Release;
		};
		26A7FAC9285A4D5000BE7B8C /* Build configuration list for PBXNativeTarget "FlixterUITests" */ = {
			isa = XCConfigurationList;
			buildConfigurations = (
				26A7FACA285A4D5000BE7B8C /* Debug */,
				26A7FACB285A4D5000BE7B8C /* Release */,
			);
			defaultConfigurationIsVisible = 0;
			defaultConfigurationName = Release;
		};
/* End XCConfigurationList section */
	};
	rootObject = 26A7FA8C285A4D4F00BE7B8C /* Project object */;
}
