// !$*UTF8*$!
{
	archiveVersion = 1;
	classes = {
	};
	objectVersion = 55;
	objects = {

/* Begin PBXBuildFile section */
		26429D4D285A55D2000ED2AF /* MovieViewController.m in Sources */ = {isa = PBXBuildFile; fileRef = 26429D4C285A55D2000ED2AF /* MovieViewController.m */; };
		26429D51285A8A4A000ED2AF /* MovieCell.m in Sources */ = {isa = PBXBuildFile; fileRef = 26429D50285A8A4A000ED2AF /* MovieCell.m */; };
		2651E392285A9ED700DDA0B9 /* DetailsViewController.m in Sources */ = {isa = PBXBuildFile; fileRef = 2651E391285A9ED700DDA0B9 /* DetailsViewController.m */; };
		26586B60285BA11100F6EFE2 /* PhotoCell.m in Sources */ = {isa = PBXBuildFile; fileRef = 26586B5F285BA11100F6EFE2 /* PhotoCell.m */; };
		26A7FA99285A4D4F00BE7B8C /* AppDelegate.m in Sources */ = {isa = PBXBuildFile; fileRef = 26A7FA98285A4D4F00BE7B8C /* AppDelegate.m */; };
		26A7FA9C285A4D4F00BE7B8C /* SceneDelegate.m in Sources */ = {isa = PBXBuildFile; fileRef = 26A7FA9B285A4D4F00BE7B8C /* SceneDelegate.m */; };
		26A7FAA2285A4D4F00BE7B8C /* Main.storyboard in Resources */ = {isa = PBXBuildFile; fileRef = 26A7FAA0285A4D4F00BE7B8C /* Main.storyboard */; };
		26A7FAA4285A4D4F00BE7B8C /* Assets.xcassets in Resources */ = {isa = PBXBuildFile; fileRef = 26A7FAA3285A4D4F00BE7B8C /* Assets.xcassets */; };
		26A7FAA7285A4D4F00BE7B8C /* LaunchScreen.storyboard in Resources */ = {isa = PBXBuildFile; fileRef = 26A7FAA5285A4D4F00BE7B8C /* LaunchScreen.storyboard */; };
		26A7FAAA285A4D4F00BE7B8C /* main.m in Sources */ = {isa = PBXBuildFile; fileRef = 26A7FAA9285A4D4F00BE7B8C /* main.m */; };
		26A7FAB4285A4D5000BE7B8C /* FlixterTests.m in Sources */ = {isa = PBXBuildFile; fileRef = 26A7FAB3285A4D5000BE7B8C /* FlixterTests.m */; };
		26A7FABE285A4D5000BE7B8C /* FlixterUITests.m in Sources */ = {isa = PBXBuildFile; fileRef = 26A7FABD285A4D5000BE7B8C /* FlixterUITests.m */; };
		26A7FAC0285A4D5000BE7B8C /* FlixterUITestsLaunchTests.m in Sources */ = {isa = PBXBuildFile; fileRef = 26A7FABF285A4D5000BE7B8C /* FlixterUITestsLaunchTests.m */; };
		26FD2C56285CE2FF0062E459 /* PosterCell.m in Sources */ = {isa = PBXBuildFile; fileRef = 26FD2C55285CE2FF0062E459 /* PosterCell.m */; };
		26FD2C59285CE4BC0062E459 /* GridViewController.m in Sources */ = {isa = PBXBuildFile; fileRef = 26FD2C58285CE4BC0062E459 /* GridViewController.m */; };
		5BDB4530CA6CD99032B373F0 /* Pods_Flixter.framework in Frameworks */ = {isa = PBXBuildFile; fileRef = 044EB5BC6C4FBBB6A1FA8C8F /* Pods_Flixter.framework */; };
		6BAA73723293A96888909BC2 /* Pods_FlixterTests.framework in Frameworks */ = {isa = PBXBuildFile; fileRef = 13D60C21D119F3D6B2299324 /* Pods_FlixterTests.framework */; };
		6DF1F40676F396406E764556 /* Pods_Flixter_FlixterUITests.framework in Frameworks */ = {isa = PBXBuildFile; fileRef = 92078C6B3E24D4D47FF359FA /* Pods_Flixter_FlixterUITests.framework */; };
/* End PBXBuildFile section */

/* Begin PBXContainerItemProxy section */
		26A7FAB0285A4D5000BE7B8C /* PBXContainerItemProxy */ = {
			isa = PBXContainerItemProxy;
			containerPortal = 26A7FA8C285A4D4F00BE7B8C /* Project object */;
			proxyType = 1;
			remoteGlobalIDString = 26A7FA93285A4D4F00BE7B8C;
			remoteInfo = Flixter;
		};
		26A7FABA285A4D5000BE7B8C /* PBXContainerItemProxy */ = {
			isa = PBXContainerItemProxy;
			containerPortal = 26A7FA8C285A4D4F00BE7B8C /* Project object */;
			proxyType = 1;
			remoteGlobalIDString = 26A7FA93285A4D4F00BE7B8C;
			remoteInfo = Flixter;
		};
/* End PBXContainerItemProxy section */

/* Begin PBXFileReference section */
		044EB5BC6C4FBBB6A1FA8C8F /* Pods_Flixter.framework */ = {isa = PBXFileReference; explicitFileType = wrapper.framework; includeInIndex = 0; path = Pods_Flixter.framework; sourceTree = BUILT_PRODUCTS_DIR; };
		10260F90486FC5EC68F98F97 /* Pods-Flixter-FlixterUITests.release.xcconfig */ = {isa = PBXFileReference; includeInIndex = 1; lastKnownFileType = text.xcconfig; name = "Pods-Flixter-FlixterUITests.release.xcconfig"; path = "Target Support Files/Pods-Flixter-FlixterUITests/Pods-Flixter-FlixterUITests.release.xcconfig"; sourceTree = "<group>"; };
		13D60C21D119F3D6B2299324 /* Pods_FlixterTests.framework */ = {isa = PBXFileReference; explicitFileType = wrapper.framework; includeInIndex = 0; path = Pods_FlixterTests.framework; sourceTree = BUILT_PRODUCTS_DIR; };
		26429D4B285A55D2000ED2AF /* MovieViewController.h */ = {isa = PBXFileReference; lastKnownFileType = sourcecode.c.h; path = MovieViewController.h; sourceTree = "<group>"; };
		26429D4C285A55D2000ED2AF /* MovieViewController.m */ = {isa = PBXFileReference; lastKnownFileType = sourcecode.c.objc; path = MovieViewController.m; sourceTree = "<group>"; };
		26429D4F285A8A4A000ED2AF /* MovieCell.h */ = {isa = PBXFileReference; lastKnownFileType = sourcecode.c.h; path = MovieCell.h; sourceTree = "<group>"; };
		26429D50285A8A4A000ED2AF /* MovieCell.m */ = {isa = PBXFileReference; lastKnownFileType = sourcecode.c.objc; path = MovieCell.m; sourceTree = "<group>"; };
		2651E390285A9ED700DDA0B9 /* DetailsViewController.h */ = {isa = PBXFileReference; lastKnownFileType = sourcecode.c.h; path = DetailsViewController.h; sourceTree = "<group>"; };
		2651E391285A9ED700DDA0B9 /* DetailsViewController.m */ = {isa = PBXFileReference; lastKnownFileType = sourcecode.c.objc; path = DetailsViewController.m; sourceTree = "<group>"; };
		26586B5E285BA11100F6EFE2 /* PhotoCell.h */ = {isa = PBXFileReference; lastKnownFileType = sourcecode.c.h; path = PhotoCell.h; sourceTree = "<group>"; };
		26586B5F285BA11100F6EFE2 /* PhotoCell.m */ = {isa = PBXFileReference; lastKnownFileType = sourcecode.c.objc; path = PhotoCell.m; sourceTree = "<group>"; };
		26A7FA94285A4D4F00BE7B8C /* Flixter.app */ = {isa = PBXFileReference; explicitFileType = wrapper.application; includeInIndex = 0; path = Flixter.app; sourceTree = BUILT_PRODUCTS_DIR; };
		26A7FA97285A4D4F00BE7B8C /* AppDelegate.h */ = {isa = PBXFileReference; lastKnownFileType = sourcecode.c.h; path = AppDelegate.h; sourceTree = "<group>"; };
		26A7FA98285A4D4F00BE7B8C /* AppDelegate.m */ = {isa = PBXFileReference; lastKnownFileType = sourcecode.c.objc; path = AppDelegate.m; sourceTree = "<group>"; };
		26A7FA9A285A4D4F00BE7B8C /* SceneDelegate.h */ = {isa = PBXFileReference; lastKnownFileType = sourcecode.c.h; path = SceneDelegate.h; sourceTree = "<group>"; };
		26A7FA9B285A4D4F00BE7B8C /* SceneDelegate.m */ = {isa = PBXFileReference; lastKnownFileType = sourcecode.c.objc; path = SceneDelegate.m; sourceTree = "<group>"; };
		26A7FAA1285A4D4F00BE7B8C /* Base */ = {isa = PBXFileReference; lastKnownFileType = file.storyboard; name = Base; path = Base.lproj/Main.storyboard; sourceTree = "<group>"; };
		26A7FAA3285A4D4F00BE7B8C /* Assets.xcassets */ = {isa = PBXFileReference; lastKnownFileType = folder.assetcatalog; path = Assets.xcassets; sourceTree = "<group>"; };
		26A7FAA6285A4D4F00BE7B8C /* Base */ = {isa = PBXFileReference; lastKnownFileType = file.storyboard; name = Base; path = Base.lproj/LaunchScreen.storyboard; sourceTree = "<group>"; };
		26A7FAA8285A4D4F00BE7B8C /* Info.plist */ = {isa = PBXFileReference; lastKnownFileType = text.plist.xml; path = Info.plist; sourceTree = "<group>"; };
		26A7FAA9285A4D4F00BE7B8C /* main.m */ = {isa = PBXFileReference; lastKnownFileType = sourcecode.c.objc; path = main.m; sourceTree = "<group>"; };
		26A7FAAF285A4D5000BE7B8C /* FlixterTests.xctest */ = {isa = PBXFileReference; explicitFileType = wrapper.cfbundle; includeInIndex = 0; path = FlixterTests.xctest; sourceTree = BUILT_PRODUCTS_DIR; };
		26A7FAB3285A4D5000BE7B8C /* FlixterTests.m */ = {isa = PBXFileReference; lastKnownFileType = sourcecode.c.objc; path = FlixterTests.m; sourceTree = "<group>"; };
		26A7FAB9285A4D5000BE7B8C /* FlixterUITests.xctest */ = {isa = PBXFileReference; explicitFileType = wrapper.cfbundle; includeInIndex = 0; path = FlixterUITests.xctest; sourceTree = BUILT_PRODUCTS_DIR; };
		26A7FABD285A4D5000BE7B8C /* FlixterUITests.m */ = {isa = PBXFileReference; lastKnownFileType = sourcecode.c.objc; path = FlixterUITests.m; sourceTree = "<group>"; };
		26A7FABF285A4D5000BE7B8C /* FlixterUITestsLaunchTests.m */ = {isa = PBXFileReference; lastKnownFileType = sourcecode.c.objc; path = FlixterUITestsLaunchTests.m; sourceTree = "<group>"; };
		26FD2C54285CE2FF0062E459 /* PosterCell.h */ = {isa = PBXFileReference; lastKnownFileType = sourcecode.c.h; path = PosterCell.h; sourceTree = "<group>"; };
		26FD2C55285CE2FF0062E459 /* PosterCell.m */ = {isa = PBXFileReference; lastKnownFileType = sourcecode.c.objc; path = PosterCell.m; sourceTree = "<group>"; };
		26FD2C57285CE4BC0062E459 /* GridViewController.h */ = {isa = PBXFileReference; lastKnownFileType = sourcecode.c.h; path = GridViewController.h; sourceTree = "<group>"; };
		26FD2C58285CE4BC0062E459 /* GridViewController.m */ = {isa = PBXFileReference; lastKnownFileType = sourcecode.c.objc; path = GridViewController.m; sourceTree = "<group>"; };
		2C07B3049C8B479CDB53CC51 /* Pods-Flixter.release.xcconfig */ = {isa = PBXFileReference; includeInIndex = 1; lastKnownFileType = text.xcconfig; name = "Pods-Flixter.release.xcconfig"; path = "Target Support Files/Pods-Flixter/Pods-Flixter.release.xcconfig"; sourceTree = "<group>"; };
		2DF195C62530B0EB83C9EBA5 /* Pods-FlixterTests.release.xcconfig */ = {isa = PBXFileReference; includeInIndex = 1; lastKnownFileType = text.xcconfig; name = "Pods-FlixterTests.release.xcconfig"; path = "Target Support Files/Pods-FlixterTests/Pods-FlixterTests.release.xcconfig"; sourceTree = "<group>"; };
		43625D268D5B96518FBBA96F /* Pods-FlixterTests.debug.xcconfig */ = {isa = PBXFileReference; includeInIndex = 1; lastKnownFileType = text.xcconfig; name = "Pods-FlixterTests.debug.xcconfig"; path = "Target Support Files/Pods-FlixterTests/Pods-FlixterTests.debug.xcconfig"; sourceTree = "<group>"; };
		92078C6B3E24D4D47FF359FA /* Pods_Flixter_FlixterUITests.framework */ = {isa = PBXFileReference; explicitFileType = wrapper.framework; includeInIndex = 0; path = Pods_Flixter_FlixterUITests.framework; sourceTree = BUILT_PRODUCTS_DIR; };
		CAE1FBFE86C54560D690EF64 /* Pods-Flixter-FlixterUITests.debug.xcconfig */ = {isa = PBXFileReference; includeInIndex = 1; lastKnownFileType = text.xcconfig; name = "Pods-Flixter-FlixterUITests.debug.xcconfig"; path = "Target Support Files/Pods-Flixter-FlixterUITests/Pods-Flixter-FlixterUITests.debug.xcconfig"; sourceTree = "<group>"; };
		D4BF85EE720B3B1A4A0FF2C4 /* Pods-Flixter.debug.xcconfig */ = {isa = PBXFileReference; includeInIndex = 1; lastKnownFileType = text.xcconfig; name = "Pods-Flixter.debug.xcconfig"; path = "Target Support Files/Pods-Flixter/Pods-Flixter.debug.xcconfig"; sourceTree = "<group>"; };
/* End PBXFileReference section */

/* Begin PBXFrameworksBuildPhase section */
		26A7FA91285A4D4F00BE7B8C /* Frameworks */ = {
			isa = PBXFrameworksBuildPhase;
			buildActionMask = 2147483647;
			files = (
				5BDB4530CA6CD99032B373F0 /* Pods_Flixter.framework in Frameworks */,
			);
			runOnlyForDeploymentPostprocessing = 0;
		};
		26A7FAAC285A4D5000BE7B8C /* Frameworks */ = {
			isa = PBXFrameworksBuildPhase;
			buildActionMask = 2147483647;
			files = (
				6BAA73723293A96888909BC2 /* Pods_FlixterTests.framework in Frameworks */,
			);
			runOnlyForDeploymentPostprocessing = 0;
		};
		26A7FAB6285A4D5000BE7B8C /* Frameworks */ = {
			isa = PBXFrameworksBuildPhase;
			buildActionMask = 2147483647;
			files = (
				6DF1F40676F396406E764556 /* Pods_Flixter_FlixterUITests.framework in Frameworks */,
			);
			runOnlyForDeploymentPostprocessing = 0;
		};
/* End PBXFrameworksBuildPhase section */

/* Begin PBXGroup section */
		1CC8EF8870BCC2F17ADE5901 /* Frameworks */ = {
			isa = PBXGroup;
			children = (
				044EB5BC6C4FBBB6A1FA8C8F /* Pods_Flixter.framework */,
				92078C6B3E24D4D47FF359FA /* Pods_Flixter_FlixterUITests.framework */,
				13D60C21D119F3D6B2299324 /* Pods_FlixterTests.framework */,
			);
			name = Frameworks;
			sourceTree = "<group>";
		};
		26A7FA8B285A4D4F00BE7B8C = {
			isa = PBXGroup;
			children = (
				26A7FA96285A4D4F00BE7B8C /* Flixter */,
				26A7FAB2285A4D5000BE7B8C /* FlixterTests */,
				26A7FABC285A4D5000BE7B8C /* FlixterUITests */,
				26A7FA95285A4D4F00BE7B8C /* Products */,
				2854F6901FAEB64E7A92454E /* Pods */,
				1CC8EF8870BCC2F17ADE5901 /* Frameworks */,
			);
			sourceTree = "<group>";
		};
		26A7FA95285A4D4F00BE7B8C /* Products */ = {
			isa = PBXGroup;
			children = (
				26A7FA94285A4D4F00BE7B8C /* Flixter.app */,
				26A7FAAF285A4D5000BE7B8C /* FlixterTests.xctest */,
				26A7FAB9285A4D5000BE7B8C /* FlixterUITests.xctest */,
			);
			name = Products;
			sourceTree = "<group>";
		};
		26A7FA96285A4D4F00BE7B8C /* Flixter */ = {
			isa = PBXGroup;
			children = (
				26FD2C5E285D38D90062E459 /* GridViewController */,
				26FD2C5D285D38B90062E459 /* DetailsViewController */,
				26FD2C5B285D345D0062E459 /* Cells */,
				26FD2C5A285D34100062E459 /* MovieViewController */,
				26A7FA97285A4D4F00BE7B8C /* AppDelegate.h */,
				26A7FA98285A4D4F00BE7B8C /* AppDelegate.m */,
				26A7FA9A285A4D4F00BE7B8C /* SceneDelegate.h */,
				26A7FA9B285A4D4F00BE7B8C /* SceneDelegate.m */,
				26A7FAA0285A4D4F00BE7B8C /* Main.storyboard */,
				26A7FAA3285A4D4F00BE7B8C /* Assets.xcassets */,
				26A7FAA5285A4D4F00BE7B8C /* LaunchScreen.storyboard */,
				26A7FAA9285A4D4F00BE7B8C /* main.m */,
				26A7FAA8285A4D4F00BE7B8C /* Info.plist */,
			);
			path = Flixter;
			sourceTree = "<group>";
		};
		26A7FAB2285A4D5000BE7B8C /* FlixterTests */ = {
			isa = PBXGroup;
			children = (
				26A7FAB3285A4D5000BE7B8C /* FlixterTests.m */,
			);
			path = FlixterTests;
			sourceTree = "<group>";
		};
		26A7FABC285A4D5000BE7B8C /* FlixterUITests */ = {
			isa = PBXGroup;
			children = (
				26A7FABD285A4D5000BE7B8C /* FlixterUITests.m */,
				26A7FABF285A4D5000BE7B8C /* FlixterUITestsLaunchTests.m */,
			);
			path = FlixterUITests;
			sourceTree = "<group>";
		};
		26FD2C5A285D34100062E459 /* MovieViewController */ = {
			isa = PBXGroup;
			children = (
				26429D4C285A55D2000ED2AF /* MovieViewController.m */,
				26429D4B285A55D2000ED2AF /* MovieViewController.h */,
			);
			path = MovieViewController;
			sourceTree = "<group>";
		};
		26FD2C5B285D345D0062E459 /* Cells */ = {
			isa = PBXGroup;
			children = (
				26429D4F285A8A4A000ED2AF /* MovieCell.h */,
				26429D50285A8A4A000ED2AF /* MovieCell.m */,
				26FD2C54285CE2FF0062E459 /* PosterCell.h */,
				26FD2C55285CE2FF0062E459 /* PosterCell.m */,
				26586B5E285BA11100F6EFE2 /* PhotoCell.h */,
				26586B5F285BA11100F6EFE2 /* PhotoCell.m */,
			);
			path = Cells;
			sourceTree = "<group>";
		};
		26FD2C5D285D38B90062E459 /* DetailsViewController */ = {
			isa = PBXGroup;
			children = (
				2651E390285A9ED700DDA0B9 /* DetailsViewController.h */,
				2651E391285A9ED700DDA0B9 /* DetailsViewController.m */,
			);
			path = DetailsViewController;
			sourceTree = "<group>";
		};
		26FD2C5E285D38D90062E459 /* GridViewController */ = {
			isa = PBXGroup;
			children = (
				26FD2C57285CE4BC0062E459 /* GridViewController.h */,
				26FD2C58285CE4BC0062E459 /* GridViewController.m */,
			);
			path = GridViewController;
			sourceTree = "<group>";
		};
		2854F6901FAEB64E7A92454E /* Pods */ = {
			isa = PBXGroup;
			children = (
				D4BF85EE720B3B1A4A0FF2C4 /* Pods-Flixter.debug.xcconfig */,
				2C07B3049C8B479CDB53CC51 /* Pods-Flixter.release.xcconfig */,
				CAE1FBFE86C54560D690EF64 /* Pods-Flixter-FlixterUITests.debug.xcconfig */,
				10260F90486FC5EC68F98F97 /* Pods-Flixter-FlixterUITests.release.xcconfig */,
				43625D268D5B96518FBBA96F /* Pods-FlixterTests.debug.xcconfig */,
				2DF195C62530B0EB83C9EBA5 /* Pods-FlixterTests.release.xcconfig */,
			);
			path = Pods;
			sourceTree = "<group>";
		};
/* End PBXGroup section */

/* Begin PBXNativeTarget section */
		26A7FA93285A4D4F00BE7B8C /* Flixter */ = {
			isa = PBXNativeTarget;
			buildConfigurationList = 26A7FAC3285A4D5000BE7B8C /* Build configuration list for PBXNativeTarget "Flixter" */;
			buildPhases = (
				140B389C64A243CEF7CF6F6B /* [CP] Check Pods Manifest.lock */,
				26A7FA90285A4D4F00BE7B8C /* Sources */,
				26A7FA91285A4D4F00BE7B8C /* Frameworks */,
				26A7FA92285A4D4F00BE7B8C /* Resources */,
				F2D0C084967B87ED532F17F0 /* [CP] Embed Pods Frameworks */,
			);
			buildRules = (
			);
			dependencies = (
			);
			name = Flixter;
			productName = Flixter;
			productReference = 26A7FA94285A4D4F00BE7B8C /* Flixter.app */;
			productType = "com.apple.product-type.application";
		};
		26A7FAAE285A4D5000BE7B8C /* FlixterTests */ = {
			isa = PBXNativeTarget;
			buildConfigurationList = 26A7FAC6285A4D5000BE7B8C /* Build configuration list for PBXNativeTarget "FlixterTests" */;
			buildPhases = (
				4804E113A61E3F7802C09835 /* [CP] Check Pods Manifest.lock */,
				26A7FAAB285A4D5000BE7B8C /* Sources */,
				26A7FAAC285A4D5000BE7B8C /* Frameworks */,
				26A7FAAD285A4D5000BE7B8C /* Resources */,
			);
			buildRules = (
			);
			dependencies = (
				26A7FAB1285A4D5000BE7B8C /* PBXTargetDependency */,
			);
			name = FlixterTests;
			productName = FlixterTests;
			productReference = 26A7FAAF285A4D5000BE7B8C /* FlixterTests.xctest */;
			productType = "com.apple.product-type.bundle.unit-test";
		};
		26A7FAB8285A4D5000BE7B8C /* FlixterUITests */ = {
			isa = PBXNativeTarget;
			buildConfigurationList = 26A7FAC9285A4D5000BE7B8C /* Build configuration list for PBXNativeTarget "FlixterUITests" */;
			buildPhases = (
				00685C9D39C9CBC17DE2A56F /* [CP] Check Pods Manifest.lock */,
				26A7FAB5285A4D5000BE7B8C /* Sources */,
				26A7FAB6285A4D5000BE7B8C /* Frameworks */,
				26A7FAB7285A4D5000BE7B8C /* Resources */,
				599582641E9A8F35C2B85EC0 /* [CP] Embed Pods Frameworks */,
			);
			buildRules = (
			);
			dependencies = (
				26A7FABB285A4D5000BE7B8C /* PBXTargetDependency */,
			);
			name = FlixterUITests;
			productName = FlixterUITests;
			productReference = 26A7FAB9285A4D5000BE7B8C /* FlixterUITests.xctest */;
			productType = "com.apple.product-type.bundle.ui-testing";
		};
/* End PBXNativeTarget section */

/* Begin PBXProject section */
		26A7FA8C285A4D4F00BE7B8C /* Project object */ = {
			isa = PBXProject;
			attributes = {
				BuildIndependentTargetsInParallel = 1;
				LastUpgradeCheck = 1340;
				TargetAttributes = {
					26A7FA93285A4D4F00BE7B8C = {
						CreatedOnToolsVersion = 13.4;
					};
					26A7FAAE285A4D5000BE7B8C = {
						CreatedOnToolsVersion = 13.4;
						TestTargetID = 26A7FA93285A4D4F00BE7B8C;
					};
					26A7FAB8285A4D5000BE7B8C = {
						CreatedOnToolsVersion = 13.4;
						TestTargetID = 26A7FA93285A4D4F00BE7B8C;
					};
				};
			};
			buildConfigurationList = 26A7FA8F285A4D4F00BE7B8C /* Build configuration list for PBXProject "Flixter" */;
			compatibilityVersion = "Xcode 13.0";
			developmentRegion = en;
			hasScannedForEncodings = 0;
			knownRegions = (
				en,
				Base,
			);
			mainGroup = 26A7FA8B285A4D4F00BE7B8C;
			productRefGroup = 26A7FA95285A4D4F00BE7B8C /* Products */;
			projectDirPath = "";
			projectRoot = "";
			targets = (
				26A7FA93285A4D4F00BE7B8C /* Flixter */,
				26A7FAAE285A4D5000BE7B8C /* FlixterTests */,
				26A7FAB8285A4D5000BE7B8C /* FlixterUITests */,
			);
		};
/* End PBXProject section */

/* Begin PBXResourcesBuildPhase section */
		26A7FA92285A4D4F00BE7B8C /* Resources */ = {
			isa = PBXResourcesBuildPhase;
			buildActionMask = 2147483647;
			files = (
				26A7FAA7285A4D4F00BE7B8C /* LaunchScreen.storyboard in Resources */,
				26A7FAA4285A4D4F00BE7B8C /* Assets.xcassets in Resources */,
				26A7FAA2285A4D4F00BE7B8C /* Main.storyboard in Resources */,
			);
			runOnlyForDeploymentPostprocessing = 0;
		};
		26A7FAAD285A4D5000BE7B8C /* Resources */ = {
			isa = PBXResourcesBuildPhase;
			buildActionMask = 2147483647;
			files = (
			);
			runOnlyForDeploymentPostprocessing = 0;
		};
		26A7FAB7285A4D5000BE7B8C /* Resources */ = {
			isa = PBXResourcesBuildPhase;
			buildActionMask = 2147483647;
			files = (
			);
			runOnlyForDeploymentPostprocessing = 0;
		};
/* End PBXResourcesBuildPhase section */

/* Begin PBXShellScriptBuildPhase section */
		00685C9D39C9CBC17DE2A56F /* [CP] Check Pods Manifest.lock */ = {
			isa = PBXShellScriptBuildPhase;
			buildActionMask = 2147483647;
			files = (
			);
			inputFileListPaths = (
			);
			inputPaths = (
				"${PODS_PODFILE_DIR_PATH}/Podfile.lock",
				"${PODS_ROOT}/Manifest.lock",
			);
			name = "[CP] Check Pods Manifest.lock";
			outputFileListPaths = (
			);
			outputPaths = (
				"$(DERIVED_FILE_DIR)/Pods-Flixter-FlixterUITests-checkManifestLockResult.txt",
			);
			runOnlyForDeploymentPostprocessing = 0;
			shellPath = /bin/sh;
			shellScript = "diff \"${PODS_PODFILE_DIR_PATH}/Podfile.lock\" \"${PODS_ROOT}/Manifest.lock\" > /dev/null\nif [ $? != 0 ] ; then\n    # print error to STDERR\n    echo \"error: The sandbox is not in sync with the Podfile.lock. Run 'pod install' or update your CocoaPods installation.\" >&2\n    exit 1\nfi\n# This output is used by Xcode 'outputs' to avoid re-running this script phase.\necho \"SUCCESS\" > \"${SCRIPT_OUTPUT_FILE_0}\"\n";
			showEnvVarsInLog = 0;
		};
		140B389C64A243CEF7CF6F6B /* [CP] Check Pods Manifest.lock */ = {
			isa = PBXShellScriptBuildPhase;
			buildActionMask = 2147483647;
			files = (
			);
			inputFileListPaths = (
			);
			inputPaths = (
				"${PODS_PODFILE_DIR_PATH}/Podfile.lock",
				"${PODS_ROOT}/Manifest.lock",
			);
			name = "[CP] Check Pods Manifest.lock";
			outputFileListPaths = (
			);
			outputPaths = (
				"$(DERIVED_FILE_DIR)/Pods-Flixter-checkManifestLockResult.txt",
			);
			runOnlyForDeploymentPostprocessing = 0;
			shellPath = /bin/sh;
			shellScript = "diff \"${PODS_PODFILE_DIR_PATH}/Podfile.lock\" \"${PODS_ROOT}/Manifest.lock\" > /dev/null\nif [ $? != 0 ] ; then\n    # print error to STDERR\n    echo \"error: The sandbox is not in sync with the Podfile.lock. Run 'pod install' or update your CocoaPods installation.\" >&2\n    exit 1\nfi\n# This output is used by Xcode 'outputs' to avoid re-running this script phase.\necho \"SUCCESS\" > \"${SCRIPT_OUTPUT_FILE_0}\"\n";
			showEnvVarsInLog = 0;
		};
		4804E113A61E3F7802C09835 /* [CP] Check Pods Manifest.lock */ = {
			isa = PBXShellScriptBuildPhase;
			buildActionMask = 2147483647;
			files = (
			);
			inputFileListPaths = (
			);
			inputPaths = (
				"${PODS_PODFILE_DIR_PATH}/Podfile.lock",
				"${PODS_ROOT}/Manifest.lock",
			);
			name = "[CP] Check Pods Manifest.lock";
			outputFileListPaths = (
			);
			outputPaths = (
				"$(DERIVED_FILE_DIR)/Pods-FlixterTests-checkManifestLockResult.txt",
			);
			runOnlyForDeploymentPostprocessing = 0;
			shellPath = /bin/sh;
			shellScript = "diff \"${PODS_PODFILE_DIR_PATH}/Podfile.lock\" \"${PODS_ROOT}/Manifest.lock\" > /dev/null\nif [ $? != 0 ] ; then\n    # print error to STDERR\n    echo \"error: The sandbox is not in sync with the Podfile.lock. Run 'pod install' or update your CocoaPods installation.\" >&2\n    exit 1\nfi\n# This output is used by Xcode 'outputs' to avoid re-running this script phase.\necho \"SUCCESS\" > \"${SCRIPT_OUTPUT_FILE_0}\"\n";
			showEnvVarsInLog = 0;
		};
		599582641E9A8F35C2B85EC0 /* [CP] Embed Pods Frameworks */ = {
			isa = PBXShellScriptBuildPhase;
			buildActionMask = 2147483647;
			files = (
			);
			inputFileListPaths = (
				"${PODS_ROOT}/Target Support Files/Pods-Flixter-FlixterUITests/Pods-Flixter-FlixterUITests-frameworks-${CONFIGURATION}-input-files.xcfilelist",
			);
			name = "[CP] Embed Pods Frameworks";
			outputFileListPaths = (
				"${PODS_ROOT}/Target Support Files/Pods-Flixter-FlixterUITests/Pods-Flixter-FlixterUITests-frameworks-${CONFIGURATION}-output-files.xcfilelist",
			);
			runOnlyForDeploymentPostprocessing = 0;
			shellPath = /bin/sh;
			shellScript = "\"${PODS_ROOT}/Target Support Files/Pods-Flixter-FlixterUITests/Pods-Flixter-FlixterUITests-frameworks.sh\"\n";
			showEnvVarsInLog = 0;
		};
		F2D0C084967B87ED532F17F0 /* [CP] Embed Pods Frameworks */ = {
			isa = PBXShellScriptBuildPhase;
			buildActionMask = 2147483647;
			files = (
			);
			inputFileListPaths = (
				"${PODS_ROOT}/Target Support Files/Pods-Flixter/Pods-Flixter-frameworks-${CONFIGURATION}-input-files.xcfilelist",
			);
			name = "[CP] Embed Pods Frameworks";
			outputFileListPaths = (
				"${PODS_ROOT}/Target Support Files/Pods-Flixter/Pods-Flixter-frameworks-${CONFIGURATION}-output-files.xcfilelist",
			);
			runOnlyForDeploymentPostprocessing = 0;
			shellPath = /bin/sh;
			shellScript = "\"${PODS_ROOT}/Target Support Files/Pods-Flixter/Pods-Flixter-frameworks.sh\"\n";
			showEnvVarsInLog = 0;
		};
/* End PBXShellScriptBuildPhase section */

/* Begin PBXSourcesBuildPhase section */
		26A7FA90285A4D4F00BE7B8C /* Sources */ = {
			isa = PBXSourcesBuildPhase;
			buildActionMask = 2147483647;
			files = (
				26586B60285BA11100F6EFE2 /* PhotoCell.m in Sources */,
				26FD2C59285CE4BC0062E459 /* GridViewController.m in Sources */,
				26429D4D285A55D2000ED2AF /* MovieViewController.m in Sources */,
				26429D51285A8A4A000ED2AF /* MovieCell.m in Sources */,
				26A7FA99285A4D4F00BE7B8C /* AppDelegate.m in Sources */,
				2651E392285A9ED700DDA0B9 /* DetailsViewController.m in Sources */,
				26A7FAAA285A4D4F00BE7B8C /* main.m in Sources */,
				26A7FA9C285A4D4F00BE7B8C /* SceneDelegate.m in Sources */,
				26FD2C56285CE2FF0062E459 /* PosterCell.m in Sources */,
			);
			runOnlyForDeploymentPostprocessing = 0;
		};
		26A7FAAB285A4D5000BE7B8C /* Sources */ = {
			isa = PBXSourcesBuildPhase;
			buildActionMask = 2147483647;
			files = (
				26A7FAB4285A4D5000BE7B8C /* FlixterTests.m in Sources */,
			);
			runOnlyForDeploymentPostprocessing = 0;
		};
		26A7FAB5285A4D5000BE7B8C /* Sources */ = {
			isa = PBXSourcesBuildPhase;
			buildActionMask = 2147483647;
			files = (
				26A7FABE285A4D5000BE7B8C /* FlixterUITests.m in Sources */,
				26A7FAC0285A4D5000BE7B8C /* FlixterUITestsLaunchTests.m in Sources */,
			);
			runOnlyForDeploymentPostprocessing = 0;
		};
/* End PBXSourcesBuildPhase section */

/* Begin PBXTargetDependency section */
		26A7FAB1285A4D5000BE7B8C /* PBXTargetDependency */ = {
			isa = PBXTargetDependency;
			target = 26A7FA93285A4D4F00BE7B8C /* Flixter */;
			targetProxy = 26A7FAB0285A4D5000BE7B8C /* PBXContainerItemProxy */;
		};
		26A7FABB285A4D5000BE7B8C /* PBXTargetDependency */ = {
			isa = PBXTargetDependency;
			target = 26A7FA93285A4D4F00BE7B8C /* Flixter */;
			targetProxy = 26A7FABA285A4D5000BE7B8C /* PBXContainerItemProxy */;
		};
/* End PBXTargetDependency section */

/* Begin PBXVariantGroup section */
		26A7FAA0285A4D4F00BE7B8C /* Main.storyboard */ = {
			isa = PBXVariantGroup;
			children = (
				26A7FAA1285A4D4F00BE7B8C /* Base */,
			);
			name = Main.storyboard;
			sourceTree = "<group>";
		};
		26A7FAA5285A4D4F00BE7B8C /* LaunchScreen.storyboard */ = {
			isa = PBXVariantGroup;
			children = (
				26A7FAA6285A4D4F00BE7B8C /* Base */,
			);
			name = LaunchScreen.storyboard;
			sourceTree = "<group>";
		};
/* End PBXVariantGroup section */

/* Begin XCBuildConfiguration section */
		26A7FAC1285A4D5000BE7B8C /* Debug */ = {
			isa = XCBuildConfiguration;
			buildSettings = {
				ALWAYS_SEARCH_USER_PATHS = NO;
				CLANG_ANALYZER_NONNULL = YES;
				CLANG_ANALYZER_NUMBER_OBJECT_CONVERSION = YES_AGGRESSIVE;
				CLANG_CXX_LANGUAGE_STANDARD = "gnu++17";
				CLANG_ENABLE_MODULES = YES;
				CLANG_ENABLE_OBJC_ARC = YES;
				CLANG_ENABLE_OBJC_WEAK = YES;
				CLANG_WARN_BLOCK_CAPTURE_AUTORELEASING = YES;
				CLANG_WARN_BOOL_CONVERSION = YES;
				CLANG_WARN_COMMA = YES;
				CLANG_WARN_CONSTANT_CONVERSION = YES;
				CLANG_WARN_DEPRECATED_OBJC_IMPLEMENTATIONS = YES;
				CLANG_WARN_DIRECT_OBJC_ISA_USAGE = YES_ERROR;
				CLANG_WARN_DOCUMENTATION_COMMENTS = YES;
				CLANG_WARN_EMPTY_BODY = YES;
				CLANG_WARN_ENUM_CONVERSION = YES;
				CLANG_WARN_INFINITE_RECURSION = YES;
				CLANG_WARN_INT_CONVERSION = YES;
				CLANG_WARN_NON_LITERAL_NULL_CONVERSION = YES;
				CLANG_WARN_OBJC_IMPLICIT_RETAIN_SELF = YES;
				CLANG_WARN_OBJC_LITERAL_CONVERSION = YES;
				CLANG_WARN_OBJC_ROOT_CLASS = YES_ERROR;
				CLANG_WARN_QUOTED_INCLUDE_IN_FRAMEWORK_HEADER = YES;
				CLANG_WARN_RANGE_LOOP_ANALYSIS = YES;
				CLANG_WARN_STRICT_PROTOTYPES = YES;
				CLANG_WARN_SUSPICIOUS_MOVE = YES;
				CLANG_WARN_UNGUARDED_AVAILABILITY = YES_AGGRESSIVE;
				CLANG_WARN_UNREACHABLE_CODE = YES;
				CLANG_WARN__DUPLICATE_METHOD_MATCH = YES;
				COPY_PHASE_STRIP = NO;
				DEBUG_INFORMATION_FORMAT = dwarf;
				ENABLE_STRICT_OBJC_MSGSEND = YES;
				ENABLE_TESTABILITY = YES;
				GCC_C_LANGUAGE_STANDARD = gnu11;
				GCC_DYNAMIC_NO_PIC = NO;
				GCC_NO_COMMON_BLOCKS = YES;
				GCC_OPTIMIZATION_LEVEL = 0;
				GCC_PREPROCESSOR_DEFINITIONS = (
					"DEBUG=1",
					"$(inherited)",
				);
				GCC_WARN_64_TO_32_BIT_CONVERSION = YES;
				GCC_WARN_ABOUT_RETURN_TYPE = YES_ERROR;
				GCC_WARN_UNDECLARED_SELECTOR = YES;
				GCC_WARN_UNINITIALIZED_AUTOS = YES_AGGRESSIVE;
				GCC_WARN_UNUSED_FUNCTION = YES;
				GCC_WARN_UNUSED_VARIABLE = YES;
				IPHONEOS_DEPLOYMENT_TARGET = 15.5;
				MTL_ENABLE_DEBUG_INFO = INCLUDE_SOURCE;
				MTL_FAST_MATH = YES;
				ONLY_ACTIVE_ARCH = YES;
				SDKROOT = iphoneos;
			};
			name = Debug;
		};
		26A7FAC2285A4D5000BE7B8C /* Release */ = {
			isa = XCBuildConfiguration;
			buildSettings = {
				ALWAYS_SEARCH_USER_PATHS = NO;
				CLANG_ANALYZER_NONNULL = YES;
				CLANG_ANALYZER_NUMBER_OBJECT_CONVERSION = YES_AGGRESSIVE;
				CLANG_CXX_LANGUAGE_STANDARD = "gnu++17";
				CLANG_ENABLE_MODULES = YES;
				CLANG_ENABLE_OBJC_ARC = YES;
				CLANG_ENABLE_OBJC_WEAK = YES;
				CLANG_WARN_BLOCK_CAPTURE_AUTORELEASING = YES;
				CLANG_WARN_BOOL_CONVERSION = YES;
				CLANG_WARN_COMMA = YES;
				CLANG_WARN_CONSTANT_CONVERSION = YES;
				CLANG_WARN_DEPRECATED_OBJC_IMPLEMENTATIONS = YES;
				CLANG_WARN_DIRECT_OBJC_ISA_USAGE = YES_ERROR;
				CLANG_WARN_DOCUMENTATION_COMMENTS = YES;
				CLANG_WARN_EMPTY_BODY = YES;
				CLANG_WARN_ENUM_CONVERSION = YES;
				CLANG_WARN_INFINITE_RECURSION = YES;
				CLANG_WARN_INT_CONVERSION = YES;
				CLANG_WARN_NON_LITERAL_NULL_CONVERSION = YES;
				CLANG_WARN_OBJC_IMPLICIT_RETAIN_SELF = YES;
				CLANG_WARN_OBJC_LITERAL_CONVERSION = YES;
				CLANG_WARN_OBJC_ROOT_CLASS = YES_ERROR;
				CLANG_WARN_QUOTED_INCLUDE_IN_FRAMEWORK_HEADER = YES;
				CLANG_WARN_RANGE_LOOP_ANALYSIS = YES;
				CLANG_WARN_STRICT_PROTOTYPES = YES;
				CLANG_WARN_SUSPICIOUS_MOVE = YES;
				CLANG_WARN_UNGUARDED_AVAILABILITY = YES_AGGRESSIVE;
				CLANG_WARN_UNREACHABLE_CODE = YES;
				CLANG_WARN__DUPLICATE_METHOD_MATCH = YES;
				COPY_PHASE_STRIP = NO;
				DEBUG_INFORMATION_FORMAT = "dwarf-with-dsym";
				ENABLE_NS_ASSERTIONS = NO;
				ENABLE_STRICT_OBJC_MSGSEND = YES;
				GCC_C_LANGUAGE_STANDARD = gnu11;
				GCC_NO_COMMON_BLOCKS = YES;
				GCC_WARN_64_TO_32_BIT_CONVERSION = YES;
				GCC_WARN_ABOUT_RETURN_TYPE = YES_ERROR;
				GCC_WARN_UNDECLARED_SELECTOR = YES;
				GCC_WARN_UNINITIALIZED_AUTOS = YES_AGGRESSIVE;
				GCC_WARN_UNUSED_FUNCTION = YES;
				GCC_WARN_UNUSED_VARIABLE = YES;
				IPHONEOS_DEPLOYMENT_TARGET = 15.5;
				MTL_ENABLE_DEBUG_INFO = NO;
				MTL_FAST_MATH = YES;
				SDKROOT = iphoneos;
				VALIDATE_PRODUCT = YES;
			};
			name = Release;
		};
		26A7FAC4285A4D5000BE7B8C /* Debug */ = {
			isa = XCBuildConfiguration;
			baseConfigurationReference = D4BF85EE720B3B1A4A0FF2C4 /* Pods-Flixter.debug.xcconfig */;
			buildSettings = {
				ASSETCATALOG_COMPILER_APPICON_NAME = AppIcon;
				ASSETCATALOG_COMPILER_GLOBAL_ACCENT_COLOR_NAME = AccentColor;
				CODE_SIGN_STYLE = Automatic;
				CURRENT_PROJECT_VERSION = 1;
				DEVELOPMENT_TEAM = K8BWGLA443;
				GENERATE_INFOPLIST_FILE = YES;
				INFOPLIST_FILE = Flixter/Info.plist;
				INFOPLIST_KEY_UIApplicationSupportsIndirectInputEvents = YES;
				INFOPLIST_KEY_UILaunchStoryboardName = LaunchScreen;
				INFOPLIST_KEY_UIMainStoryboardFile = Main;
				INFOPLIST_KEY_UISupportedInterfaceOrientations_iPad = "UIInterfaceOrientationPortrait UIInterfaceOrientationPortraitUpsideDown UIInterfaceOrientationLandscapeLeft UIInterfaceOrientationLandscapeRight";
				INFOPLIST_KEY_UISupportedInterfaceOrientations_iPhone = "UIInterfaceOrientationPortrait UIInterfaceOrientationLandscapeLeft UIInterfaceOrientationLandscapeRight";
				LD_RUNPATH_SEARCH_PATHS = (
					"$(inherited)",
					"@executable_path/Frameworks",
				);
				MARKETING_VERSION = 1.0;
				PRODUCT_BUNDLE_IDENTIFIER = com.josecastillo.Flixter;
				PRODUCT_NAME = "$(TARGET_NAME)";
				SWIFT_EMIT_LOC_STRINGS = YES;
				TARGETED_DEVICE_FAMILY = "1,2";
			};
			name = Debug;
		};
		26A7FAC5285A4D5000BE7B8C /* Release */ = {
			isa = XCBuildConfiguration;
			baseConfigurationReference = 2C07B3049C8B479CDB53CC51 /* Pods-Flixter.release.xcconfig */;
			buildSettings = {
				ASSETCATALOG_COMPILER_APPICON_NAME = AppIcon;
				ASSETCATALOG_COMPILER_GLOBAL_ACCENT_COLOR_NAME = AccentColor;
				CODE_SIGN_STYLE = Automatic;
				CURRENT_PROJECT_VERSION = 1;
				DEVELOPMENT_TEAM = K8BWGLA443;
				GENERATE_INFOPLIST_FILE = YES;
				INFOPLIST_FILE = Flixter/Info.plist;
				INFOPLIST_KEY_UIApplicationSupportsIndirectInputEvents = YES;
				INFOPLIST_KEY_UILaunchStoryboardName = LaunchScreen;
				INFOPLIST_KEY_UIMainStoryboardFile = Main;
				INFOPLIST_KEY_UISupportedInterfaceOrientations_iPad = "UIInterfaceOrientationPortrait UIInterfaceOrientationPortraitUpsideDown UIInterfaceOrientationLandscapeLeft UIInterfaceOrientationLandscapeRight";
				INFOPLIST_KEY_UISupportedInterfaceOrientations_iPhone = "UIInterfaceOrientationPortrait UIInterfaceOrientationLandscapeLeft UIInterfaceOrientationLandscapeRight";
				LD_RUNPATH_SEARCH_PATHS = (
					"$(inherited)",
					"@executable_path/Frameworks",
				);
				MARKETING_VERSION = 1.0;
				PRODUCT_BUNDLE_IDENTIFIER = com.josecastillo.Flixter;
				PRODUCT_NAME = "$(TARGET_NAME)";
				SWIFT_EMIT_LOC_STRINGS = YES;
				TARGETED_DEVICE_FAMILY = "1,2";
			};
			name = Release;
		};
		26A7FAC7285A4D5000BE7B8C /* Debug */ = {
			isa = XCBuildConfiguration;
			baseConfigurationReference = 43625D268D5B96518FBBA96F /* Pods-FlixterTests.debug.xcconfig */;
			buildSettings = {
				BUNDLE_LOADER = "$(TEST_HOST)";
				CODE_SIGN_STYLE = Automatic;
				CURRENT_PROJECT_VERSION = 1;
				DEVELOPMENT_TEAM = K8BWGLA443;
				GENERATE_INFOPLIST_FILE = YES;
				IPHONEOS_DEPLOYMENT_TARGET = 15.5;
				MARKETING_VERSION = 1.0;
				PRODUCT_BUNDLE_IDENTIFIER = com.josecastillo.FlixterTests;
				PRODUCT_NAME = "$(TARGET_NAME)";
				SWIFT_EMIT_LOC_STRINGS = NO;
				TARGETED_DEVICE_FAMILY = "1,2";
				TEST_HOST = "$(BUILT_PRODUCTS_DIR)/Flixter.app/Flixter";
			};
			name = Debug;
		};
		26A7FAC8285A4D5000BE7B8C /* Release */ = {
			isa = XCBuildConfiguration;
			baseConfigurationReference = 2DF195C62530B0EB83C9EBA5 /* Pods-FlixterTests.release.xcconfig */;
			buildSettings = {
				BUNDLE_LOADER = "$(TEST_HOST)";
				CODE_SIGN_STYLE = Automatic;
				CURRENT_PROJECT_VERSION = 1;
				DEVELOPMENT_TEAM = K8BWGLA443;
				GENERATE_INFOPLIST_FILE = YES;
				IPHONEOS_DEPLOYMENT_TARGET = 15.5;
				MARKETING_VERSION = 1.0;
				PRODUCT_BUNDLE_IDENTIFIER = com.josecastillo.FlixterTests;
				PRODUCT_NAME = "$(TARGET_NAME)";
				SWIFT_EMIT_LOC_STRINGS = NO;
				TARGETED_DEVICE_FAMILY = "1,2";
				TEST_HOST = "$(BUILT_PRODUCTS_DIR)/Flixter.app/Flixter";
			};
			name = Release;
		};
		26A7FACA285A4D5000BE7B8C /* Debug */ = {
			isa = XCBuildConfiguration;
			baseConfigurationReference = CAE1FBFE86C54560D690EF64 /* Pods-Flixter-FlixterUITests.debug.xcconfig */;
			buildSettings = {
				CODE_SIGN_STYLE = Automatic;
				CURRENT_PROJECT_VERSION = 1;
				DEVELOPMENT_TEAM = K8BWGLA443;
				GENERATE_INFOPLIST_FILE = YES;
				MARKETING_VERSION = 1.0;
				PRODUCT_BUNDLE_IDENTIFIER = com.josecastillo.FlixterUITests;
				PRODUCT_NAME = "$(TARGET_NAME)";
				SWIFT_EMIT_LOC_STRINGS = NO;
				TARGETED_DEVICE_FAMILY = "1,2";
				TEST_TARGET_NAME = Flixter;
			};
			name = Debug;
		};
		26A7FACB285A4D5000BE7B8C /* Release */ = {
			isa = XCBuildConfiguration;
			baseConfigurationReference = 10260F90486FC5EC68F98F97 /* Pods-Flixter-FlixterUITests.release.xcconfig */;
			buildSettings = {
				CODE_SIGN_STYLE = Automatic;
				CURRENT_PROJECT_VERSION = 1;
				DEVELOPMENT_TEAM = K8BWGLA443;
				GENERATE_INFOPLIST_FILE = YES;
				MARKETING_VERSION = 1.0;
				PRODUCT_BUNDLE_IDENTIFIER = com.josecastillo.FlixterUITests;
				PRODUCT_NAME = "$(TARGET_NAME)";
				SWIFT_EMIT_LOC_STRINGS = NO;
				TARGETED_DEVICE_FAMILY = "1,2";
				TEST_TARGET_NAME = Flixter;
			};
			name = Release;
		};
/* End XCBuildConfiguration section */

/* Begin XCConfigurationList section */
		26A7FA8F285A4D4F00BE7B8C /* Build configuration list for PBXProject "Flixter" */ = {
			isa = XCConfigurationList;
			buildConfigurations = (
				26A7FAC1285A4D5000BE7B8C /* Debug */,
				26A7FAC2285A4D5000BE7B8C /* Release */,
			);
			defaultConfigurationIsVisible = 0;
			defaultConfigurationName = Release;
		};
		26A7FAC3285A4D5000BE7B8C /* Build configuration list for PBXNativeTarget "Flixter" */ = {
			isa = XCConfigurationList;
			buildConfigurations = (
				26A7FAC4285A4D5000BE7B8C /* Debug */,
				26A7FAC5285A4D5000BE7B8C /* Release */,
			);
			defaultConfigurationIsVisible = 0;
			defaultConfigurationName = Release;
		};
		26A7FAC6285A4D5000BE7B8C /* Build configuration list for PBXNativeTarget "FlixterTests" */ = {
			isa = XCConfigurationList;
			buildConfigurations = (
				26A7FAC7285A4D5000BE7B8C /* Debug */,
				26A7FAC8285A4D5000BE7B8C /* Release */,
			);
			defaultConfigurationIsVisible = 0;
			defaultConfigurationName = Release;
		};
		26A7FAC9285A4D5000BE7B8C /* Build configuration list for PBXNativeTarget "FlixterUITests" */ = {
			isa = XCConfigurationList;
			buildConfigurations = (
				26A7FACA285A4D5000BE7B8C /* Debug */,
				26A7FACB285A4D5000BE7B8C /* Release */,
			);
			defaultConfigurationIsVisible = 0;
			defaultConfigurationName = Release;
		};
/* End XCConfigurationList section */
	};
	rootObject = 26A7FA8C285A4D4F00BE7B8C /* Project object */;
}
